# This file is automatically @generated by Cargo.
# It is not intended for manual editing.
version = 4

[[package]]
name = "lang"
version = "0.1.0"
dependencies = [
 "string_pool",
]

[[package]]
name = "string_pool"
version = "0.1.0"

[[package]]
name = "tokenizer"
version = "0.1.0"
dependencies = [
 "lang",
 "string_pool",
]
