# This file is automatically @generated by Cargo.
# It is not intended for manual editing.
version = 4

[[package]]
name = "lang"
version = "0.1.0"
dependencies = [
 "lazy_macros",
 "string_pool",
]

[[package]]
name = "lazy_macros"
version = "0.1.0"

[[package]]
name = "resolve"
version = "0.1.0"
dependencies = [
 "lang",
]

[[package]]
name = "string_pool"
version = "0.1.0"
